// !$*UTF8*$!
{
	archiveVersion = 1;
	classes = {
	};
	objectVersion = 46;
	objects = {

/* Begin PBXBuildFile section */
		17AD44973FB49E82F8CF0162 /* AppDelegate.m in Sources */ = {isa = PBXBuildFile; fileRef = 17AD4BACD40EA05B262CE167 /* AppDelegate.m */; };
		17AD453B4A10F7E2D29E74D1 /* main.m in Sources */ = {isa = PBXBuildFile; fileRef = 17AD400B050B4960BDCB86B0 /* main.m */; };
		17AD4713A85576DB6508F643 /* Main.storyboard in Resources */ = {isa = PBXBuildFile; fileRef = 17AD43E7DD592272932D9666 /* Main.storyboard */; };
		17AD4AB7FA162768ADAA2BC1 /* ViewController.m in Sources */ = {isa = PBXBuildFile; fileRef = 17AD443A7EE2C496C30C5809 /* ViewController.m */; };
		17AD4D34B113FCC0AAD8A7EC /* Assets.xcassets in Resources */ = {isa = PBXBuildFile; fileRef = 17AD4CB6776B55A913053CCD /* Assets.xcassets */; };
		1CBC08B1317956A187C9D337 /* Pods_DFP_Integration_Demo.framework in Frameworks */ = {isa = PBXBuildFile; fileRef = F73D99003F0F20ABA51C7AAD /* Pods_DFP_Integration_Demo.framework */; };
/* End PBXBuildFile section */

/* Begin PBXCopyFilesBuildPhase section */
		829F67DA20D2FA6C00777EA9 /* Embed Frameworks */ = {
			isa = PBXCopyFilesBuildPhase;
			buildActionMask = 2147483647;
			dstPath = "";
			dstSubfolderSpec = 10;
			files = (
			);
			name = "Embed Frameworks";
			runOnlyForDeploymentPostprocessing = 0;
		};
/* End PBXCopyFilesBuildPhase section */

/* Begin PBXFileReference section */
		17AD400B050B4960BDCB86B0 /* main.m */ = {isa = PBXFileReference; lastKnownFileType = sourcecode.c.objc; path = main.m; sourceTree = "<group>"; };
		17AD41FC4E3FB97DA78B665F /* AppDelegate.h */ = {isa = PBXFileReference; lastKnownFileType = sourcecode.c.h; path = AppDelegate.h; sourceTree = "<group>"; };
		17AD421EF85F8AB1AC2EBD21 /* ViewController.h */ = {isa = PBXFileReference; lastKnownFileType = sourcecode.c.h; path = ViewController.h; sourceTree = "<group>"; };
		17AD43713559AA54CE37EF6D /* Base */ = {isa = PBXFileReference; lastKnownFileType = file.storyboard; name = Base; path = Base.lproj/Main.storyboard; sourceTree = "<group>"; };
		17AD443A7EE2C496C30C5809 /* ViewController.m */ = {isa = PBXFileReference; lastKnownFileType = sourcecode.c.objc; path = ViewController.m; sourceTree = "<group>"; };
		17AD468330B3E3518E44A8D6 /* Info.plist */ = {isa = PBXFileReference; lastKnownFileType = text.plist.info; path = Info.plist; sourceTree = "<group>"; };
		17AD4BACD40EA05B262CE167 /* AppDelegate.m */ = {isa = PBXFileReference; lastKnownFileType = sourcecode.c.objc; path = AppDelegate.m; sourceTree = "<group>"; };
		17AD4CB6776B55A913053CCD /* Assets.xcassets */ = {isa = PBXFileReference; lastKnownFileType = folder.assetcatalog; path = Assets.xcassets; sourceTree = "<group>"; };
		17AD4F9490ED6B17D2D3C413 /* DFP Integration Demo.app */ = {isa = PBXFileReference; explicitFileType = wrapper.application; includeInIndex = 0; path = "DFP Integration Demo.app"; sourceTree = BUILT_PRODUCTS_DIR; };
		928B0ECF6A548DFB7DB588C9 /* Pods-DFP Integration Demo.release.xcconfig */ = {isa = PBXFileReference; includeInIndex = 1; lastKnownFileType = text.xcconfig; name = "Pods-DFP Integration Demo.release.xcconfig"; path = "Pods/Target Support Files/Pods-DFP Integration Demo/Pods-DFP Integration Demo.release.xcconfig"; sourceTree = "<group>"; };
		E62DBC98592ADC8CC662CC0F /* Pods-DFP Integration Demo.debug.xcconfig */ = {isa = PBXFileReference; includeInIndex = 1; lastKnownFileType = text.xcconfig; name = "Pods-DFP Integration Demo.debug.xcconfig"; path = "Pods/Target Support Files/Pods-DFP Integration Demo/Pods-DFP Integration Demo.debug.xcconfig"; sourceTree = "<group>"; };
		F73D99003F0F20ABA51C7AAD /* Pods_DFP_Integration_Demo.framework */ = {isa = PBXFileReference; explicitFileType = wrapper.framework; includeInIndex = 0; path = Pods_DFP_Integration_Demo.framework; sourceTree = BUILT_PRODUCTS_DIR; };
/* End PBXFileReference section */

/* Begin PBXFrameworksBuildPhase section */
		17AD4C2DA4F9CBE912D914B2 /* Frameworks */ = {
			isa = PBXFrameworksBuildPhase;
			buildActionMask = 2147483647;
			files = (
				1CBC08B1317956A187C9D337 /* Pods_DFP_Integration_Demo.framework in Frameworks */,
			);
			runOnlyForDeploymentPostprocessing = 0;
		};
/* End PBXFrameworksBuildPhase section */

/* Begin PBXGroup section */
		0F899F6F65574B78B7CA94C6 /* Frameworks */ = {
			isa = PBXGroup;
			children = (
				F73D99003F0F20ABA51C7AAD /* Pods_DFP_Integration_Demo.framework */,
			);
			name = Frameworks;
			sourceTree = "<group>";
		};
		17AD42DB059BDAB2BBA97F3B /* Products */ = {
			isa = PBXGroup;
			children = (
				17AD4F9490ED6B17D2D3C413 /* DFP Integration Demo.app */,
			);
			name = Products;
			sourceTree = "<group>";
		};
		17AD4579C5764655501F623B = {
			isa = PBXGroup;
			children = (
				17AD42DB059BDAB2BBA97F3B /* Products */,
				17AD46282585EB75AFB747D2 /* DFP Integration Demo */,
				EA4FDB5DBBBB5B9B7AB211F4 /* Pods */,
				0F899F6F65574B78B7CA94C6 /* Frameworks */,
			);
			sourceTree = "<group>";
		};
		17AD46282585EB75AFB747D2 /* DFP Integration Demo */ = {
			isa = PBXGroup;
			children = (
				17AD468330B3E3518E44A8D6 /* Info.plist */,
				17AD4CB6776B55A913053CCD /* Assets.xcassets */,
				17AD400B050B4960BDCB86B0 /* main.m */,
				17AD41FC4E3FB97DA78B665F /* AppDelegate.h */,
				17AD4BACD40EA05B262CE167 /* AppDelegate.m */,
				17AD43E7DD592272932D9666 /* Main.storyboard */,
				17AD421EF85F8AB1AC2EBD21 /* ViewController.h */,
				17AD443A7EE2C496C30C5809 /* ViewController.m */,
			);
			path = "DFP Integration Demo";
			sourceTree = "<group>";
		};
		EA4FDB5DBBBB5B9B7AB211F4 /* Pods */ = {
			isa = PBXGroup;
			children = (
				E62DBC98592ADC8CC662CC0F /* Pods-DFP Integration Demo.debug.xcconfig */,
				928B0ECF6A548DFB7DB588C9 /* Pods-DFP Integration Demo.release.xcconfig */,
			);
			name = Pods;
			sourceTree = "<group>";
		};
/* End PBXGroup section */

/* Begin PBXNativeTarget section */
		17AD48D6C1792B1C240529B4 /* DFP Integration Demo */ = {
			isa = PBXNativeTarget;
			buildConfigurationList = 17AD45726AB24F11700CD07F /* Build configuration list for PBXNativeTarget "DFP Integration Demo" */;
			buildPhases = (
				09401F139A3BEFEC997A2C25 /* [CP] Check Pods Manifest.lock */,
				17AD4AB238E171D47CE7DAD1 /* Sources */,
				17AD4C2DA4F9CBE912D914B2 /* Frameworks */,
				17AD4FCFB6D842174FD63B8B /* Resources */,
				C23AF52DC3E606DA43E107D6 /* [CP] Embed Pods Frameworks */,
				7EAEC5ED1A0EE404292FBBD5 /* [CP] Copy Pods Resources */,
				829F67DA20D2FA6C00777EA9 /* Embed Frameworks */,
			);
			buildRules = (
			);
			dependencies = (
			);
			name = "DFP Integration Demo";
			productName = "DFP Integration Demo";
			productReference = 17AD4F9490ED6B17D2D3C413 /* DFP Integration Demo.app */;
			productType = "com.apple.product-type.application";
		};
/* End PBXNativeTarget section */

/* Begin PBXProject section */
		17AD444F0E7C8A1660CD2947 /* Project object */ = {
			isa = PBXProject;
			attributes = {
				ORGANIZATIONNAME = "True[X]";
			};
			buildConfigurationList = 17AD4592544185E734783839 /* Build configuration list for PBXProject "DFP Integration Demo" */;
			compatibilityVersion = "Xcode 3.2";
			developmentRegion = English;
			hasScannedForEncodings = 0;
			knownRegions = (
				en,
			);
			mainGroup = 17AD4579C5764655501F623B;
			productRefGroup = 17AD42DB059BDAB2BBA97F3B /* Products */;
			projectDirPath = "";
			projectRoot = "";
			targets = (
				17AD48D6C1792B1C240529B4 /* DFP Integration Demo */,
			);
		};
/* End PBXProject section */

/* Begin PBXResourcesBuildPhase section */
		17AD4FCFB6D842174FD63B8B /* Resources */ = {
			isa = PBXResourcesBuildPhase;
			buildActionMask = 2147483647;
			files = (
				17AD4D34B113FCC0AAD8A7EC /* Assets.xcassets in Resources */,
				17AD4713A85576DB6508F643 /* Main.storyboard in Resources */,
			);
			runOnlyForDeploymentPostprocessing = 0;
		};
/* End PBXResourcesBuildPhase section */

/* Begin PBXShellScriptBuildPhase section */
		09401F139A3BEFEC997A2C25 /* [CP] Check Pods Manifest.lock */ = {
			isa = PBXShellScriptBuildPhase;
			buildActionMask = 2147483647;
			files = (
			);
			inputPaths = (
				"${PODS_PODFILE_DIR_PATH}/Podfile.lock",
				"${PODS_ROOT}/Manifest.lock",
			);
			name = "[CP] Check Pods Manifest.lock";
			outputPaths = (
				"$(DERIVED_FILE_DIR)/Pods-DFP Integration Demo-checkManifestLockResult.txt",
			);
			runOnlyForDeploymentPostprocessing = 0;
			shellPath = /bin/sh;
			shellScript = "diff \"${PODS_PODFILE_DIR_PATH}/Podfile.lock\" \"${PODS_ROOT}/Manifest.lock\" > /dev/null\nif [ $? != 0 ] ; then\n    # print error to STDERR\n    echo \"error: The sandbox is not in sync with the Podfile.lock. Run 'pod install' or update your CocoaPods installation.\" >&2\n    exit 1\nfi\n# This output is used by Xcode 'outputs' to avoid re-running this script phase.\necho \"SUCCESS\" > \"${SCRIPT_OUTPUT_FILE_0}\"\n";
			showEnvVarsInLog = 0;
		};
		7EAEC5ED1A0EE404292FBBD5 /* [CP] Copy Pods Resources */ = {
			isa = PBXShellScriptBuildPhase;
			buildActionMask = 2147483647;
			files = (
			);
			inputPaths = (
				"${SRCROOT}/Pods/Target Support Files/Pods-DFP Integration Demo/Pods-DFP Integration Demo-resources.sh",
				"${PODS_CONFIGURATION_BUILD_DIR}/TruexAdRenderer/Truex.bundle",
				"${PODS_ROOT}/YouiTVAdRenderer/YouiTVAdRenderer/YouiTVAdRenderer.framework/assets",
			);
			name = "[CP] Copy Pods Resources";
			outputPaths = (
				"${TARGET_BUILD_DIR}/${UNLOCALIZED_RESOURCES_FOLDER_PATH}/Truex.bundle",
				"${TARGET_BUILD_DIR}/${UNLOCALIZED_RESOURCES_FOLDER_PATH}/assets",
			);
			runOnlyForDeploymentPostprocessing = 0;
			shellPath = /bin/sh;
			shellScript = "\"${SRCROOT}/Pods/Target Support Files/Pods-DFP Integration Demo/Pods-DFP Integration Demo-resources.sh\"\n";
			showEnvVarsInLog = 0;
		};
		C23AF52DC3E606DA43E107D6 /* [CP] Embed Pods Frameworks */ = {
			isa = PBXShellScriptBuildPhase;
			buildActionMask = 2147483647;
			files = (
			);
			inputPaths = (
				"${SRCROOT}/Pods/Target Support Files/Pods-DFP Integration Demo/Pods-DFP Integration Demo-frameworks.sh",
				"${BUILT_PRODUCTS_DIR}/Alamofire/Alamofire.framework",
				"${BUILT_PRODUCTS_DIR}/CryptoSwift/CryptoSwift.framework",
				"${PODS_ROOT}/../IMA/InteractiveMediaAds.framework",
				"${PODS_ROOT}/InnovidAdRenderer/InnovidAdRenderer.framework",
				"${PODS_ROOT}/InnovidAdRenderer/InnovidAdRenderer.framework.dSYM",
				"${BUILT_PRODUCTS_DIR}/JSONModel/JSONModel.framework",
				"${BUILT_PRODUCTS_DIR}/Kingfisher/Kingfisher.framework",
				"${BUILT_PRODUCTS_DIR}/Moya/Moya.framework",
				"${BUILT_PRODUCTS_DIR}/OptimizelySDKCore/OptimizelySDKCore.framework",
				"${BUILT_PRODUCTS_DIR}/OptimizelySDKDatafileManager/OptimizelySDKDatafileManager.framework",
				"${BUILT_PRODUCTS_DIR}/OptimizelySDKEventDispatcher/OptimizelySDKEventDispatcher.framework",
				"${BUILT_PRODUCTS_DIR}/OptimizelySDKShared/OptimizelySDKShared.framework",
				"${BUILT_PRODUCTS_DIR}/OptimizelySDKTVOS/OptimizelySDKTVOS.framework",
				"${BUILT_PRODUCTS_DIR}/OptimizelySDKUserProfile/OptimizelySDKUserProfile.framework",
				"${BUILT_PRODUCTS_DIR}/PusherSwift/PusherSwift.framework",
				"${BUILT_PRODUCTS_DIR}/ReachabilitySwift/Reachability.framework",
				"${BUILT_PRODUCTS_DIR}/Result/Result.framework",
				"${BUILT_PRODUCTS_DIR}/SDWebImage/SDWebImage.framework",
				"${BUILT_PRODUCTS_DIR}/SWXMLHash/SWXMLHash.framework",
				"${BUILT_PRODUCTS_DIR}/Starscream/Starscream.framework",
				"${BUILT_PRODUCTS_DIR}/TaskQueue/TaskQueue.framework",
				"${PODS_ROOT}/TruexAdRenderer/TruexAdRenderer-tvOS-v3.6.2/TruexAdRenderer.framework",
				"${PODS_ROOT}/TruexAdRenderer/TruexAdRenderer-tvOS-v3.6.2/TruexAdRenderer.framework.dSYM",
				"${PODS_ROOT}/YouiTVAdRenderer/YouiTVAdRenderer/YouiTVAdRenderer.framework",
			);
			name = "[CP] Embed Pods Frameworks";
			outputPaths = (
				"${TARGET_BUILD_DIR}/${FRAMEWORKS_FOLDER_PATH}/Alamofire.framework",
				"${TARGET_BUILD_DIR}/${FRAMEWORKS_FOLDER_PATH}/CryptoSwift.framework",
				"${TARGET_BUILD_DIR}/${FRAMEWORKS_FOLDER_PATH}/InteractiveMediaAds.framework",
				"${TARGET_BUILD_DIR}/${FRAMEWORKS_FOLDER_PATH}/InnovidAdRenderer.framework",
				"${DWARF_DSYM_FOLDER_PATH}/InnovidAdRenderer.framework.dSYM",
				"${TARGET_BUILD_DIR}/${FRAMEWORKS_FOLDER_PATH}/JSONModel.framework",
				"${TARGET_BUILD_DIR}/${FRAMEWORKS_FOLDER_PATH}/Kingfisher.framework",
				"${TARGET_BUILD_DIR}/${FRAMEWORKS_FOLDER_PATH}/Moya.framework",
				"${TARGET_BUILD_DIR}/${FRAMEWORKS_FOLDER_PATH}/OptimizelySDKCore.framework",
				"${TARGET_BUILD_DIR}/${FRAMEWORKS_FOLDER_PATH}/OptimizelySDKDatafileManager.framework",
				"${TARGET_BUILD_DIR}/${FRAMEWORKS_FOLDER_PATH}/OptimizelySDKEventDispatcher.framework",
				"${TARGET_BUILD_DIR}/${FRAMEWORKS_FOLDER_PATH}/OptimizelySDKShared.framework",
				"${TARGET_BUILD_DIR}/${FRAMEWORKS_FOLDER_PATH}/OptimizelySDKTVOS.framework",
				"${TARGET_BUILD_DIR}/${FRAMEWORKS_FOLDER_PATH}/OptimizelySDKUserProfile.framework",
				"${TARGET_BUILD_DIR}/${FRAMEWORKS_FOLDER_PATH}/PusherSwift.framework",
				"${TARGET_BUILD_DIR}/${FRAMEWORKS_FOLDER_PATH}/Reachability.framework",
				"${TARGET_BUILD_DIR}/${FRAMEWORKS_FOLDER_PATH}/Result.framework",
				"${TARGET_BUILD_DIR}/${FRAMEWORKS_FOLDER_PATH}/SDWebImage.framework",
				"${TARGET_BUILD_DIR}/${FRAMEWORKS_FOLDER_PATH}/SWXMLHash.framework",
				"${TARGET_BUILD_DIR}/${FRAMEWORKS_FOLDER_PATH}/Starscream.framework",
				"${TARGET_BUILD_DIR}/${FRAMEWORKS_FOLDER_PATH}/TaskQueue.framework",
				"${TARGET_BUILD_DIR}/${FRAMEWORKS_FOLDER_PATH}/TruexAdRenderer.framework",
				"${DWARF_DSYM_FOLDER_PATH}/TruexAdRenderer.framework.dSYM",
				"${TARGET_BUILD_DIR}/${FRAMEWORKS_FOLDER_PATH}/YouiTVAdRenderer.framework",
			);
			runOnlyForDeploymentPostprocessing = 0;
			shellPath = /bin/sh;
			shellScript = "\"${SRCROOT}/Pods/Target Support Files/Pods-DFP Integration Demo/Pods-DFP Integration Demo-frameworks.sh\"\n";
			showEnvVarsInLog = 0;
		};
/* End PBXShellScriptBuildPhase section */

/* Begin PBXSourcesBuildPhase section */
		17AD4AB238E171D47CE7DAD1 /* Sources */ = {
			isa = PBXSourcesBuildPhase;
			buildActionMask = 2147483647;
			files = (
				17AD453B4A10F7E2D29E74D1 /* main.m in Sources */,
				17AD44973FB49E82F8CF0162 /* AppDelegate.m in Sources */,
				17AD4AB7FA162768ADAA2BC1 /* ViewController.m in Sources */,
			);
			runOnlyForDeploymentPostprocessing = 0;
		};
/* End PBXSourcesBuildPhase section */

/* Begin PBXVariantGroup section */
		17AD43E7DD592272932D9666 /* Main.storyboard */ = {
			isa = PBXVariantGroup;
			children = (
				17AD43713559AA54CE37EF6D /* Base */,
			);
			name = Main.storyboard;
			sourceTree = "<group>";
		};
/* End PBXVariantGroup section */

/* Begin XCBuildConfiguration section */
		17AD4184EED42EE7E8EE7612 /* Debug */ = {
			isa = XCBuildConfiguration;
			baseConfigurationReference = E62DBC98592ADC8CC662CC0F /* Pods-DFP Integration Demo.debug.xcconfig */;
			buildSettings = {
				ASSETCATALOG_COMPILER_APPICON_NAME = "App Icon & Top Shelf Image";
				ASSETCATALOG_COMPILER_LAUNCHIMAGE_NAME = LaunchImage;
				FRAMEWORK_SEARCH_PATHS = (
					"$(inherited)",
					"\"${PODS_CONFIGURATION_BUILD_DIR}/Alamofire\"",
					"\"${PODS_CONFIGURATION_BUILD_DIR}/Kingfisher\"",
					"\"${PODS_CONFIGURATION_BUILD_DIR}/Moya\"",
					"\"${PODS_CONFIGURATION_BUILD_DIR}/Result\"",
					"\"${PODS_CONFIGURATION_BUILD_DIR}/SDWebImage\"",
					"\"${PODS_CONFIGURATION_BUILD_DIR}/SWXMLHash\"",
					"\"${PODS_ROOT}/InnovidAdRenderer\"",
					"\"${PODS_ROOT}/TruexAdRenderer/TruexAdRenderer-tvOS-v3.2.1\"",
					"$(PROJECT_DIR)/Frameworks",
				);
				INFOPLIST_FILE = "DFP Integration Demo/Info.plist";
				LD_RUNPATH_SEARCH_PATHS = "$(inherited) @executable_path/Frameworks";
				PRODUCT_BUNDLE_IDENTIFIER = "Truex.DFP-Integration-Demo";
				PRODUCT_NAME = "$(TARGET_NAME)";
				TARGETED_DEVICE_FAMILY = 3;
			};
			name = Debug;
		};
		17AD4494EEE42968047400B5 /* Release */ = {
			isa = XCBuildConfiguration;
			buildSettings = {
				ALWAYS_SEARCH_USER_PATHS = NO;
				CLANG_ANALYZER_NONNULL = YES;
				CLANG_ANALYZER_NUMBER_OBJECT_CONVERSION = YES_AGGRESSIVE;
				CLANG_CXX_LANGUAGE_STANDARD = "gnu++14";
				CLANG_CXX_LIBRARY = "libc++";
				CLANG_ENABLE_MODULES = YES;
				CLANG_ENABLE_OBJC_ARC = YES;
				CLANG_ENABLE_OBJC_WEAK = YES;
				CLANG_WARN_BLOCK_CAPTURE_AUTORELEASING = YES;
				CLANG_WARN_BOOL_CONVERSION = YES;
				CLANG_WARN_COMMA = YES;
				CLANG_WARN_CONSTANT_CONVERSION = YES;
				CLANG_WARN_DEPRECATED_OBJC_IMPLEMENTATIONS = YES;
				CLANG_WARN_DIRECT_OBJC_ISA_USAGE = YES_ERROR;
				CLANG_WARN_DOCUMENTATION_COMMENTS = YES;
				CLANG_WARN_EMPTY_BODY = YES;
				CLANG_WARN_ENUM_CONVERSION = YES;
				CLANG_WARN_INFINITE_RECURSION = YES;
				CLANG_WARN_INT_CONVERSION = YES;
				CLANG_WARN_NON_LITERAL_NULL_CONVERSION = YES;
				CLANG_WARN_OBJC_IMPLICIT_RETAIN_SELF = YES;
				CLANG_WARN_OBJC_LITERAL_CONVERSION = YES;
				CLANG_WARN_OBJC_ROOT_CLASS = YES_ERROR;
				CLANG_WARN_RANGE_LOOP_ANALYSIS = YES;
				CLANG_WARN_STRICT_PROTOTYPES = YES;
				CLANG_WARN_SUSPICIOUS_MOVE = YES;
				CLANG_WARN_UNGUARDED_AVAILABILITY = YES_AGGRESSIVE;
				CLANG_WARN_UNREACHABLE_CODE = YES;
				CLANG_WARN__DUPLICATE_METHOD_MATCH = YES;
				COPY_PHASE_STRIP = NO;
				DEBUG_INFORMATION_FORMAT = "dwarf-with-dsym";
				ENABLE_NS_ASSERTIONS = NO;
				ENABLE_STRICT_OBJC_MSGSEND = YES;
				GCC_C_LANGUAGE_STANDARD = gnu11;
				GCC_NO_COMMON_BLOCKS = YES;
				GCC_WARN_64_TO_32_BIT_CONVERSION = YES;
				GCC_WARN_ABOUT_RETURN_TYPE = YES_ERROR;
				GCC_WARN_UNDECLARED_SELECTOR = YES;
				GCC_WARN_UNINITIALIZED_AUTOS = YES_AGGRESSIVE;
				GCC_WARN_UNUSED_FUNCTION = YES;
				GCC_WARN_UNUSED_VARIABLE = YES;
				MTL_ENABLE_DEBUG_INFO = NO;
				SDKROOT = appletvos;
				TVOS_DEPLOYMENT_TARGET = 11.3;
				VALIDATE_PRODUCT = YES;
			};
			name = Release;
		};
		17AD46BC03D902C27E5652A1 /* Release */ = {
			isa = XCBuildConfiguration;
			baseConfigurationReference = 928B0ECF6A548DFB7DB588C9 /* Pods-DFP Integration Demo.release.xcconfig */;
			buildSettings = {
				ASSETCATALOG_COMPILER_APPICON_NAME = "App Icon & Top Shelf Image";
				ASSETCATALOG_COMPILER_LAUNCHIMAGE_NAME = LaunchImage;
				FRAMEWORK_SEARCH_PATHS = (
					"$(inherited)",
					"\"${PODS_CONFIGURATION_BUILD_DIR}/Alamofire\"",
					"\"${PODS_CONFIGURATION_BUILD_DIR}/Kingfisher\"",
					"\"${PODS_CONFIGURATION_BUILD_DIR}/Moya\"",
					"\"${PODS_CONFIGURATION_BUILD_DIR}/Result\"",
					"\"${PODS_CONFIGURATION_BUILD_DIR}/SDWebImage\"",
					"\"${PODS_CONFIGURATION_BUILD_DIR}/SWXMLHash\"",
					"\"${PODS_ROOT}/InnovidAdRenderer\"",
					"\"${PODS_ROOT}/TruexAdRenderer/TruexAdRenderer-tvOS-v3.2.1\"",
					"$(PROJECT_DIR)/Frameworks",
				);
				INFOPLIST_FILE = "DFP Integration Demo/Info.plist";
				LD_RUNPATH_SEARCH_PATHS = "$(inherited) @executable_path/Frameworks";
				PRODUCT_BUNDLE_IDENTIFIER = "Truex.DFP-Integration-Demo";
				PRODUCT_NAME = "$(TARGET_NAME)";
				TARGETED_DEVICE_FAMILY = 3;
			};
			name = Release;
		};
		17AD4FCA10490E19920B3D53 /* Debug */ = {
			isa = XCBuildConfiguration;
			buildSettings = {
				ALWAYS_SEARCH_USER_PATHS = NO;
				CLANG_ANALYZER_NONNULL = YES;
				CLANG_ANALYZER_NUMBER_OBJECT_CONVERSION = YES_AGGRESSIVE;
				CLANG_CXX_LANGUAGE_STANDARD = "gnu++14";
				CLANG_CXX_LIBRARY = "libc++";
				CLANG_ENABLE_MODULES = YES;
				CLANG_ENABLE_OBJC_ARC = YES;
				CLANG_ENABLE_OBJC_WEAK = YES;
				CLANG_WARN_BLOCK_CAPTURE_AUTORELEASING = YES;
				CLANG_WARN_BOOL_CONVERSION = YES;
				CLANG_WARN_COMMA = YES;
				CLANG_WARN_CONSTANT_CONVERSION = YES;
				CLANG_WARN_DEPRECATED_OBJC_IMPLEMENTATIONS = YES;
				CLANG_WARN_DIRECT_OBJC_ISA_USAGE = YES_ERROR;
				CLANG_WARN_DOCUMENTATION_COMMENTS = YES;
				CLANG_WARN_EMPTY_BODY = YES;
				CLANG_WARN_ENUM_CONVERSION = YES;
				CLANG_WARN_INFINITE_RECURSION = YES;
				CLANG_WARN_INT_CONVERSION = YES;
				CLANG_WARN_NON_LITERAL_NULL_CONVERSION = YES;
				CLANG_WARN_OBJC_IMPLICIT_RETAIN_SELF = YES;
				CLANG_WARN_OBJC_LITERAL_CONVERSION = YES;
				CLANG_WARN_OBJC_ROOT_CLASS = YES_ERROR;
				CLANG_WARN_RANGE_LOOP_ANALYSIS = YES;
				CLANG_WARN_STRICT_PROTOTYPES = YES;
				CLANG_WARN_SUSPICIOUS_MOVE = YES;
				CLANG_WARN_UNGUARDED_AVAILABILITY = YES_AGGRESSIVE;
				CLANG_WARN_UNREACHABLE_CODE = YES;
				CLANG_WARN__DUPLICATE_METHOD_MATCH = YES;
				COPY_PHASE_STRIP = NO;
				DEBUG_INFORMATION_FORMAT = dwarf;
				ENABLE_STRICT_OBJC_MSGSEND = YES;
				ENABLE_TESTABILITY = YES;
				GCC_C_LANGUAGE_STANDARD = gnu11;
				GCC_DYNAMIC_NO_PIC = NO;
				GCC_NO_COMMON_BLOCKS = YES;
				GCC_OPTIMIZATION_LEVEL = 0;
				GCC_PREPROCESSOR_DEFINITIONS = (
					"DEBUG=1",
					"$(inherited)",
				);
				GCC_WARN_64_TO_32_BIT_CONVERSION = YES;
				GCC_WARN_ABOUT_RETURN_TYPE = YES_ERROR;
				GCC_WARN_UNDECLARED_SELECTOR = YES;
				GCC_WARN_UNINITIALIZED_AUTOS = YES_AGGRESSIVE;
				GCC_WARN_UNUSED_FUNCTION = YES;
				GCC_WARN_UNUSED_VARIABLE = YES;
				MTL_ENABLE_DEBUG_INFO = YES;
				ONLY_ACTIVE_ARCH = YES;
				SDKROOT = appletvos;
				TVOS_DEPLOYMENT_TARGET = 11.3;
			};
			name = Debug;
		};
/* End XCBuildConfiguration section */

/* Begin XCConfigurationList section */
		17AD45726AB24F11700CD07F /* Build configuration list for PBXNativeTarget "DFP Integration Demo" */ = {
			isa = XCConfigurationList;
			buildConfigurations = (
				17AD4184EED42EE7E8EE7612 /* Debug */,
				17AD46BC03D902C27E5652A1 /* Release */,
			);
			defaultConfigurationIsVisible = 0;
			defaultConfigurationName = Release;
		};
		17AD4592544185E734783839 /* Build configuration list for PBXProject "DFP Integration Demo" */ = {
			isa = XCConfigurationList;
			buildConfigurations = (
				17AD4FCA10490E19920B3D53 /* Debug */,
				17AD4494EEE42968047400B5 /* Release */,
			);
			defaultConfigurationIsVisible = 0;
			defaultConfigurationName = Release;
		};
/* End XCConfigurationList section */
	};
	rootObject = 17AD444F0E7C8A1660CD2947 /* Project object */;
}
