// !$*UTF8*$!
{
	archiveVersion = 1;
	classes = {
	};
	objectVersion = 50;
	objects = {

/* Begin PBXBuildFile section */
		00BD171BA035FCFFD184C2B0 /* Pods_DFP_Integration_Demo.framework in Frameworks */ = {isa = PBXBuildFile; fileRef = EF8BA0141C967D38F915455C /* Pods_DFP_Integration_Demo.framework */; };
		21AB2E5AE076753FF2D3342A /* Pods_DFP_Integration_Demo.framework in Frameworks */ = {isa = PBXBuildFile; fileRef = 843F265E389B82F9C6393934 /* Pods_DFP_Integration_Demo.framework */; };
		400F60BA223062A800A199E2 /* HomeViewController.swift in Sources */ = {isa = PBXBuildFile; fileRef = 400F60B9223062A800A199E2 /* HomeViewController.swift */; };
		4039DD062227587F003FF448 /* AppDelegate.swift in Sources */ = {isa = PBXBuildFile; fileRef = 4039DD052227587F003FF448 /* AppDelegate.swift */; };
		4039DD082227587F003FF448 /* PlayerViewController.swift in Sources */ = {isa = PBXBuildFile; fileRef = 4039DD072227587F003FF448 /* PlayerViewController.swift */; };
		4039DD0B2227587F003FF448 /* Main.storyboard in Resources */ = {isa = PBXBuildFile; fileRef = 4039DD092227587F003FF448 /* Main.storyboard */; };
		4039DD0D22275887003FF448 /* Assets.xcassets in Resources */ = {isa = PBXBuildFile; fileRef = 4039DD0C22275887003FF448 /* Assets.xcassets */; };
		40E0E1B92243043A00E7AC53 /* StreamDisplayViewCell.swift in Sources */ = {isa = PBXBuildFile; fileRef = 40E0E1B82243043A00E7AC53 /* StreamDisplayViewCell.swift */; };
		40E0E1BB224304F300E7AC53 /* StreamConfiguration.swift in Sources */ = {isa = PBXBuildFile; fileRef = 40E0E1BA224304F300E7AC53 /* StreamConfiguration.swift */; };
/* End PBXBuildFile section */

/* Begin PBXFileReference section */
		2EDCFA406C45395263034AEA /* Pods-DFP Integration Demo.release.xcconfig */ = {isa = PBXFileReference; includeInIndex = 1; lastKnownFileType = text.xcconfig; name = "Pods-DFP Integration Demo.release.xcconfig"; path = "Pods/Target Support Files/Pods-DFP Integration Demo/Pods-DFP Integration Demo.release.xcconfig"; sourceTree = "<group>"; };
		400F60B9223062A800A199E2 /* HomeViewController.swift */ = {isa = PBXFileReference; lastKnownFileType = sourcecode.swift; path = HomeViewController.swift; sourceTree = "<group>"; };
		4039DD022227587F003FF448 /* DFP Integration Demo.app */ = {isa = PBXFileReference; explicitFileType = wrapper.application; includeInIndex = 0; path = "DFP Integration Demo.app"; sourceTree = BUILT_PRODUCTS_DIR; };
		4039DD052227587F003FF448 /* AppDelegate.swift */ = {isa = PBXFileReference; lastKnownFileType = sourcecode.swift; path = AppDelegate.swift; sourceTree = "<group>"; };
		4039DD072227587F003FF448 /* PlayerViewController.swift */ = {isa = PBXFileReference; lastKnownFileType = sourcecode.swift; path = PlayerViewController.swift; sourceTree = "<group>"; };
		4039DD0A2227587F003FF448 /* Base */ = {isa = PBXFileReference; lastKnownFileType = file.storyboard; name = Base; path = Base.lproj/Main.storyboard; sourceTree = "<group>"; };
		4039DD0C22275887003FF448 /* Assets.xcassets */ = {isa = PBXFileReference; lastKnownFileType = folder.assetcatalog; path = Assets.xcassets; sourceTree = "<group>"; };
		4039DD0E22275887003FF448 /* Info.plist */ = {isa = PBXFileReference; lastKnownFileType = text.plist.xml; path = Info.plist; sourceTree = "<group>"; };
		40E0E1B82243043A00E7AC53 /* StreamDisplayViewCell.swift */ = {isa = PBXFileReference; lastKnownFileType = sourcecode.swift; path = StreamDisplayViewCell.swift; sourceTree = "<group>"; };
		40E0E1BA224304F300E7AC53 /* StreamConfiguration.swift */ = {isa = PBXFileReference; lastKnownFileType = sourcecode.swift; path = StreamConfiguration.swift; sourceTree = "<group>"; };
		843F265E389B82F9C6393934 /* Pods_DFP_Integration_Demo.framework */ = {isa = PBXFileReference; explicitFileType = wrapper.framework; includeInIndex = 0; path = Pods_DFP_Integration_Demo.framework; sourceTree = BUILT_PRODUCTS_DIR; };
		CD3EF61D5C143958C3515C5F /* Pods-DFP Integration Demo.debug.xcconfig */ = {isa = PBXFileReference; includeInIndex = 1; lastKnownFileType = text.xcconfig; name = "Pods-DFP Integration Demo.debug.xcconfig"; path = "Pods/Target Support Files/Pods-DFP Integration Demo/Pods-DFP Integration Demo.debug.xcconfig"; sourceTree = "<group>"; };
		EF8BA0141C967D38F915455C /* Pods_DFP_Integration_Demo.framework */ = {isa = PBXFileReference; explicitFileType = wrapper.framework; includeInIndex = 0; path = Pods_DFP_Integration_Demo.framework; sourceTree = BUILT_PRODUCTS_DIR; };
/* End PBXFileReference section */

/* Begin PBXFrameworksBuildPhase section */
		4039DCFF2227587F003FF448 /* Frameworks */ = {
			isa = PBXFrameworksBuildPhase;
			buildActionMask = 2147483647;
			files = (
				21AB2E5AE076753FF2D3342A /* Pods_DFP_Integration_Demo.framework in Frameworks */,
				00BD171BA035FCFFD184C2B0 /* Pods_DFP_Integration_Demo.framework in Frameworks */,
			);
			runOnlyForDeploymentPostprocessing = 0;
		};
/* End PBXFrameworksBuildPhase section */

/* Begin PBXGroup section */
		0E5E7C149F5BE5C8D2BDE771 /* Pods */ = {
			isa = PBXGroup;
			children = (
				CD3EF61D5C143958C3515C5F /* Pods-DFP Integration Demo.debug.xcconfig */,
				2EDCFA406C45395263034AEA /* Pods-DFP Integration Demo.release.xcconfig */,
			);
			name = Pods;
			sourceTree = "<group>";
		};
		4039DCF92227587F003FF448 = {
			isa = PBXGroup;
			children = (
				4039DD042227587F003FF448 /* DFP Integration Demo */,
				4039DD032227587F003FF448 /* Products */,
				0E5E7C149F5BE5C8D2BDE771 /* Pods */,
				4922BE76271BF75CB3B368E9 /* Frameworks */,
			);
			sourceTree = "<group>";
		};
		4039DD032227587F003FF448 /* Products */ = {
			isa = PBXGroup;
			children = (
				4039DD022227587F003FF448 /* DFP Integration Demo.app */,
			);
			name = Products;
			sourceTree = "<group>";
		};
		4039DD042227587F003FF448 /* DFP Integration Demo */ = {
			isa = PBXGroup;
			children = (
				4039DD052227587F003FF448 /* AppDelegate.swift */,
				400F60B9223062A800A199E2 /* HomeViewController.swift */,
				4039DD072227587F003FF448 /* PlayerViewController.swift */,
				4039DD092227587F003FF448 /* Main.storyboard */,
				4039DD0C22275887003FF448 /* Assets.xcassets */,
				4039DD0E22275887003FF448 /* Info.plist */,
				40E0E1B82243043A00E7AC53 /* StreamDisplayViewCell.swift */,
				40E0E1BA224304F300E7AC53 /* StreamConfiguration.swift */,
			);
			path = "DFP Integration Demo";
			sourceTree = "<group>";
		};
		4922BE76271BF75CB3B368E9 /* Frameworks */ = {
			isa = PBXGroup;
			children = (
				843F265E389B82F9C6393934 /* Pods_DFP_Integration_Demo.framework */,
				EF8BA0141C967D38F915455C /* Pods_DFP_Integration_Demo.framework */,
			);
			name = Frameworks;
			sourceTree = "<group>";
		};
/* End PBXGroup section */

/* Begin PBXNativeTarget section */
		4039DD012227587F003FF448 /* DFP Integration Demo */ = {
			isa = PBXNativeTarget;
			buildConfigurationList = 4039DD1122275887003FF448 /* Build configuration list for PBXNativeTarget "DFP Integration Demo" */;
			buildPhases = (
				A5231216010398AE03362BF0 /* [CP] Check Pods Manifest.lock */,
				4039DCFE2227587F003FF448 /* Sources */,
				4039DCFF2227587F003FF448 /* Frameworks */,
				4039DD002227587F003FF448 /* Resources */,
				F55749B8C84568E4C272A26E /* [CP] Embed Pods Frameworks */,
				08E437E7E4D9D459A2D116E9 /* [CP] Copy Pods Resources */,
			);
			buildRules = (
			);
			dependencies = (
			);
			name = "DFP Integration Demo";
			productName = "DFP Integration Demo";
			productReference = 4039DD022227587F003FF448 /* DFP Integration Demo.app */;
			productType = "com.apple.product-type.application";
		};
/* End PBXNativeTarget section */

/* Begin PBXProject section */
		4039DCFA2227587F003FF448 /* Project object */ = {
			isa = PBXProject;
			attributes = {
				LastSwiftUpdateCheck = 1010;
				LastUpgradeCheck = 1010;
				ORGANIZATIONNAME = "true[X]";
				TargetAttributes = {
					4039DD012227587F003FF448 = {
						CreatedOnToolsVersion = 10.1;
					};
				};
			};
			buildConfigurationList = 4039DCFD2227587F003FF448 /* Build configuration list for PBXProject "DFP Integration Demo" */;
			compatibilityVersion = "Xcode 9.3";
			developmentRegion = en;
			hasScannedForEncodings = 0;
			knownRegions = (
				en,
				Base,
			);
			mainGroup = 4039DCF92227587F003FF448;
			productRefGroup = 4039DD032227587F003FF448 /* Products */;
			projectDirPath = "";
			projectRoot = "";
			targets = (
				4039DD012227587F003FF448 /* DFP Integration Demo */,
			);
		};
/* End PBXProject section */

/* Begin PBXResourcesBuildPhase section */
		4039DD002227587F003FF448 /* Resources */ = {
			isa = PBXResourcesBuildPhase;
			buildActionMask = 2147483647;
			files = (
				4039DD0D22275887003FF448 /* Assets.xcassets in Resources */,
				4039DD0B2227587F003FF448 /* Main.storyboard in Resources */,
			);
			runOnlyForDeploymentPostprocessing = 0;
		};
/* End PBXResourcesBuildPhase section */

/* Begin PBXShellScriptBuildPhase section */
		08E437E7E4D9D459A2D116E9 /* [CP] Copy Pods Resources */ = {
			isa = PBXShellScriptBuildPhase;
			buildActionMask = 2147483647;
			files = (
			);
			inputFileListPaths = (
			);
			inputPaths = (
				"${SRCROOT}/Pods/Target Support Files/Pods-DFP Integration Demo/Pods-DFP Integration Demo-resources.sh",
				"${PODS_CONFIGURATION_BUILD_DIR}/TruexAdRenderer/Truex.bundle",
				"${PODS_ROOT}/YouiTVAdRenderer/YouiTVAdRenderer/YouiTVAdRenderer.framework/assets",
			);
			name = "[CP] Copy Pods Resources";
			outputFileListPaths = (
			);
			outputPaths = (
				"${TARGET_BUILD_DIR}/${UNLOCALIZED_RESOURCES_FOLDER_PATH}/Truex.bundle",
				"${TARGET_BUILD_DIR}/${UNLOCALIZED_RESOURCES_FOLDER_PATH}/assets",
			);
			runOnlyForDeploymentPostprocessing = 0;
			shellPath = /bin/sh;
			shellScript = "\"${SRCROOT}/Pods/Target Support Files/Pods-DFP Integration Demo/Pods-DFP Integration Demo-resources.sh\"\n";
			showEnvVarsInLog = 0;
		};
		A5231216010398AE03362BF0 /* [CP] Check Pods Manifest.lock */ = {
			isa = PBXShellScriptBuildPhase;
			buildActionMask = 2147483647;
			files = (
			);
			inputFileListPaths = (
			);
			inputPaths = (
				"${PODS_PODFILE_DIR_PATH}/Podfile.lock",
				"${PODS_ROOT}/Manifest.lock",
			);
			name = "[CP] Check Pods Manifest.lock";
			outputFileListPaths = (
			);
			outputPaths = (
				"$(DERIVED_FILE_DIR)/Pods-DFP Integration Demo-checkManifestLockResult.txt",
			);
			runOnlyForDeploymentPostprocessing = 0;
			shellPath = /bin/sh;
			shellScript = "diff \"${PODS_PODFILE_DIR_PATH}/Podfile.lock\" \"${PODS_ROOT}/Manifest.lock\" > /dev/null\nif [ $? != 0 ] ; then\n    # print error to STDERR\n    echo \"error: The sandbox is not in sync with the Podfile.lock. Run 'pod install' or update your CocoaPods installation.\" >&2\n    exit 1\nfi\n# This output is used by Xcode 'outputs' to avoid re-running this script phase.\necho \"SUCCESS\" > \"${SCRIPT_OUTPUT_FILE_0}\"\n";
			showEnvVarsInLog = 0;
		};
		F55749B8C84568E4C272A26E /* [CP] Embed Pods Frameworks */ = {
			isa = PBXShellScriptBuildPhase;
			buildActionMask = 2147483647;
			files = (
			);
			inputFileListPaths = (
			);
			inputPaths = (
				"${SRCROOT}/Pods/Target Support Files/Pods-DFP Integration Demo/Pods-DFP Integration Demo-frameworks.sh",
				"${BUILT_PRODUCTS_DIR}/Alamofire/Alamofire.framework",
				"${BUILT_PRODUCTS_DIR}/CryptoSwift/CryptoSwift.framework",
				"${PODS_ROOT}/../IMA/InteractiveMediaAds.framework",
				"${PODS_ROOT}/InnovidAdRenderer/InnovidAdRenderer.framework",
				"${PODS_ROOT}/InnovidAdRenderer/InnovidAdRenderer.framework.dSYM",
				"${BUILT_PRODUCTS_DIR}/JSONModel/JSONModel.framework",
				"${BUILT_PRODUCTS_DIR}/Kingfisher/Kingfisher.framework",
				"${BUILT_PRODUCTS_DIR}/Moya/Moya.framework",
				"${BUILT_PRODUCTS_DIR}/OptimizelySDKCore/OptimizelySDKCore.framework",
				"${BUILT_PRODUCTS_DIR}/OptimizelySDKDatafileManager/OptimizelySDKDatafileManager.framework",
				"${BUILT_PRODUCTS_DIR}/OptimizelySDKEventDispatcher/OptimizelySDKEventDispatcher.framework",
				"${BUILT_PRODUCTS_DIR}/OptimizelySDKShared/OptimizelySDKShared.framework",
				"${BUILT_PRODUCTS_DIR}/OptimizelySDKTVOS/OptimizelySDKTVOS.framework",
				"${BUILT_PRODUCTS_DIR}/OptimizelySDKUserProfile/OptimizelySDKUserProfile.framework",
				"${BUILT_PRODUCTS_DIR}/PusherSwift/PusherSwift.framework",
				"${BUILT_PRODUCTS_DIR}/ReachabilitySwift/Reachability.framework",
				"${BUILT_PRODUCTS_DIR}/Result/Result.framework",
				"${BUILT_PRODUCTS_DIR}/SDWebImage/SDWebImage.framework",
				"${BUILT_PRODUCTS_DIR}/SWXMLHash/SWXMLHash.framework",
				"${BUILT_PRODUCTS_DIR}/Starscream/Starscream.framework",
				"${BUILT_PRODUCTS_DIR}/TaskQueue/TaskQueue.framework",
				"${PODS_ROOT}/TruexAdRenderer/TruexAdRenderer-tvOS-v3.6.2/TruexAdRenderer.framework",
				"${PODS_ROOT}/TruexAdRenderer/TruexAdRenderer-tvOS-v3.6.2/TruexAdRenderer.framework.dSYM",
				"${PODS_ROOT}/YouiTVAdRenderer/YouiTVAdRenderer/YouiTVAdRenderer.framework",
			);
			name = "[CP] Embed Pods Frameworks";
			outputFileListPaths = (
			);
			outputPaths = (
				"${TARGET_BUILD_DIR}/${FRAMEWORKS_FOLDER_PATH}/Alamofire.framework",
				"${TARGET_BUILD_DIR}/${FRAMEWORKS_FOLDER_PATH}/CryptoSwift.framework",
				"${TARGET_BUILD_DIR}/${FRAMEWORKS_FOLDER_PATH}/InteractiveMediaAds.framework",
				"${TARGET_BUILD_DIR}/${FRAMEWORKS_FOLDER_PATH}/InnovidAdRenderer.framework",
				"${DWARF_DSYM_FOLDER_PATH}/InnovidAdRenderer.framework.dSYM",
				"${TARGET_BUILD_DIR}/${FRAMEWORKS_FOLDER_PATH}/JSONModel.framework",
				"${TARGET_BUILD_DIR}/${FRAMEWORKS_FOLDER_PATH}/Kingfisher.framework",
				"${TARGET_BUILD_DIR}/${FRAMEWORKS_FOLDER_PATH}/Moya.framework",
				"${TARGET_BUILD_DIR}/${FRAMEWORKS_FOLDER_PATH}/OptimizelySDKCore.framework",
				"${TARGET_BUILD_DIR}/${FRAMEWORKS_FOLDER_PATH}/OptimizelySDKDatafileManager.framework",
				"${TARGET_BUILD_DIR}/${FRAMEWORKS_FOLDER_PATH}/OptimizelySDKEventDispatcher.framework",
				"${TARGET_BUILD_DIR}/${FRAMEWORKS_FOLDER_PATH}/OptimizelySDKShared.framework",
				"${TARGET_BUILD_DIR}/${FRAMEWORKS_FOLDER_PATH}/OptimizelySDKTVOS.framework",
				"${TARGET_BUILD_DIR}/${FRAMEWORKS_FOLDER_PATH}/OptimizelySDKUserProfile.framework",
				"${TARGET_BUILD_DIR}/${FRAMEWORKS_FOLDER_PATH}/PusherSwift.framework",
				"${TARGET_BUILD_DIR}/${FRAMEWORKS_FOLDER_PATH}/Reachability.framework",
				"${TARGET_BUILD_DIR}/${FRAMEWORKS_FOLDER_PATH}/Result.framework",
				"${TARGET_BUILD_DIR}/${FRAMEWORKS_FOLDER_PATH}/SDWebImage.framework",
				"${TARGET_BUILD_DIR}/${FRAMEWORKS_FOLDER_PATH}/SWXMLHash.framework",
				"${TARGET_BUILD_DIR}/${FRAMEWORKS_FOLDER_PATH}/Starscream.framework",
				"${TARGET_BUILD_DIR}/${FRAMEWORKS_FOLDER_PATH}/TaskQueue.framework",
				"${TARGET_BUILD_DIR}/${FRAMEWORKS_FOLDER_PATH}/TruexAdRenderer.framework",
				"${DWARF_DSYM_FOLDER_PATH}/TruexAdRenderer.framework.dSYM",
				"${TARGET_BUILD_DIR}/${FRAMEWORKS_FOLDER_PATH}/YouiTVAdRenderer.framework",
			);
			runOnlyForDeploymentPostprocessing = 0;
			shellPath = /bin/sh;
			shellScript = "\"${SRCROOT}/Pods/Target Support Files/Pods-DFP Integration Demo/Pods-DFP Integration Demo-frameworks.sh\"\n";
			showEnvVarsInLog = 0;
		};
/* End PBXShellScriptBuildPhase section */

/* Begin PBXSourcesBuildPhase section */
		4039DCFE2227587F003FF448 /* Sources */ = {
			isa = PBXSourcesBuildPhase;
			buildActionMask = 2147483647;
			files = (
				4039DD082227587F003FF448 /* PlayerViewController.swift in Sources */,
				4039DD062227587F003FF448 /* AppDelegate.swift in Sources */,
				400F60BA223062A800A199E2 /* HomeViewController.swift in Sources */,
				40E0E1B92243043A00E7AC53 /* StreamDisplayViewCell.swift in Sources */,
				40E0E1BB224304F300E7AC53 /* StreamConfiguration.swift in Sources */,
			);
			runOnlyForDeploymentPostprocessing = 0;
		};
/* End PBXSourcesBuildPhase section */

/* Begin PBXVariantGroup section */
		4039DD092227587F003FF448 /* Main.storyboard */ = {
			isa = PBXVariantGroup;
			children = (
				4039DD0A2227587F003FF448 /* Base */,
			);
			name = Main.storyboard;
			sourceTree = "<group>";
		};
/* End PBXVariantGroup section */

/* Begin XCBuildConfiguration section */
		4039DD0F22275887003FF448 /* Debug */ = {
			isa = XCBuildConfiguration;
			buildSettings = {
				ALWAYS_SEARCH_USER_PATHS = NO;
				CLANG_ANALYZER_NONNULL = YES;
				CLANG_ANALYZER_NUMBER_OBJECT_CONVERSION = YES_AGGRESSIVE;
				CLANG_CXX_LANGUAGE_STANDARD = "gnu++14";
				CLANG_CXX_LIBRARY = "libc++";
				CLANG_ENABLE_MODULES = YES;
				CLANG_ENABLE_OBJC_ARC = YES;
				CLANG_ENABLE_OBJC_WEAK = YES;
				CLANG_WARN_BLOCK_CAPTURE_AUTORELEASING = YES;
				CLANG_WARN_BOOL_CONVERSION = YES;
				CLANG_WARN_COMMA = YES;
				CLANG_WARN_CONSTANT_CONVERSION = YES;
				CLANG_WARN_DEPRECATED_OBJC_IMPLEMENTATIONS = YES;
				CLANG_WARN_DIRECT_OBJC_ISA_USAGE = YES_ERROR;
				CLANG_WARN_DOCUMENTATION_COMMENTS = YES;
				CLANG_WARN_EMPTY_BODY = YES;
				CLANG_WARN_ENUM_CONVERSION = YES;
				CLANG_WARN_INFINITE_RECURSION = YES;
				CLANG_WARN_INT_CONVERSION = YES;
				CLANG_WARN_NON_LITERAL_NULL_CONVERSION = YES;
				CLANG_WARN_OBJC_IMPLICIT_RETAIN_SELF = YES;
				CLANG_WARN_OBJC_LITERAL_CONVERSION = YES;
				CLANG_WARN_OBJC_ROOT_CLASS = YES_ERROR;
				CLANG_WARN_RANGE_LOOP_ANALYSIS = YES;
				CLANG_WARN_STRICT_PROTOTYPES = YES;
				CLANG_WARN_SUSPICIOUS_MOVE = YES;
				CLANG_WARN_UNGUARDED_AVAILABILITY = YES_AGGRESSIVE;
				CLANG_WARN_UNREACHABLE_CODE = YES;
				CLANG_WARN__DUPLICATE_METHOD_MATCH = YES;
				COPY_PHASE_STRIP = NO;
				DEBUG_INFORMATION_FORMAT = dwarf;
				ENABLE_STRICT_OBJC_MSGSEND = YES;
				ENABLE_TESTABILITY = YES;
				GCC_C_LANGUAGE_STANDARD = gnu11;
				GCC_DYNAMIC_NO_PIC = NO;
				GCC_NO_COMMON_BLOCKS = YES;
				GCC_OPTIMIZATION_LEVEL = 0;
				GCC_PREPROCESSOR_DEFINITIONS = (
					"DEBUG=1",
					"$(inherited)",
				);
				GCC_WARN_64_TO_32_BIT_CONVERSION = YES;
				GCC_WARN_ABOUT_RETURN_TYPE = YES_ERROR;
				GCC_WARN_UNDECLARED_SELECTOR = YES;
				GCC_WARN_UNINITIALIZED_AUTOS = YES_AGGRESSIVE;
				GCC_WARN_UNUSED_FUNCTION = YES;
				GCC_WARN_UNUSED_VARIABLE = YES;
				MTL_ENABLE_DEBUG_INFO = INCLUDE_SOURCE;
				MTL_FAST_MATH = YES;
				ONLY_ACTIVE_ARCH = YES;
				SDKROOT = appletvos;
				SWIFT_ACTIVE_COMPILATION_CONDITIONS = DEBUG;
				SWIFT_OPTIMIZATION_LEVEL = "-Onone";
				TVOS_DEPLOYMENT_TARGET = 12.1;
			};
			name = Debug;
		};
		4039DD1022275887003FF448 /* Release */ = {
			isa = XCBuildConfiguration;
			buildSettings = {
				ALWAYS_SEARCH_USER_PATHS = NO;
				CLANG_ANALYZER_NONNULL = YES;
				CLANG_ANALYZER_NUMBER_OBJECT_CONVERSION = YES_AGGRESSIVE;
				CLANG_CXX_LANGUAGE_STANDARD = "gnu++14";
				CLANG_CXX_LIBRARY = "libc++";
				CLANG_ENABLE_MODULES = YES;
				CLANG_ENABLE_OBJC_ARC = YES;
				CLANG_ENABLE_OBJC_WEAK = YES;
				CLANG_WARN_BLOCK_CAPTURE_AUTORELEASING = YES;
				CLANG_WARN_BOOL_CONVERSION = YES;
				CLANG_WARN_COMMA = YES;
				CLANG_WARN_CONSTANT_CONVERSION = YES;
				CLANG_WARN_DEPRECATED_OBJC_IMPLEMENTATIONS = YES;
				CLANG_WARN_DIRECT_OBJC_ISA_USAGE = YES_ERROR;
				CLANG_WARN_DOCUMENTATION_COMMENTS = YES;
				CLANG_WARN_EMPTY_BODY = YES;
				CLANG_WARN_ENUM_CONVERSION = YES;
				CLANG_WARN_INFINITE_RECURSION = YES;
				CLANG_WARN_INT_CONVERSION = YES;
				CLANG_WARN_NON_LITERAL_NULL_CONVERSION = YES;
				CLANG_WARN_OBJC_IMPLICIT_RETAIN_SELF = YES;
				CLANG_WARN_OBJC_LITERAL_CONVERSION = YES;
				CLANG_WARN_OBJC_ROOT_CLASS = YES_ERROR;
				CLANG_WARN_RANGE_LOOP_ANALYSIS = YES;
				CLANG_WARN_STRICT_PROTOTYPES = YES;
				CLANG_WARN_SUSPICIOUS_MOVE = YES;
				CLANG_WARN_UNGUARDED_AVAILABILITY = YES_AGGRESSIVE;
				CLANG_WARN_UNREACHABLE_CODE = YES;
				CLANG_WARN__DUPLICATE_METHOD_MATCH = YES;
				COPY_PHASE_STRIP = NO;
				DEBUG_INFORMATION_FORMAT = "dwarf-with-dsym";
				ENABLE_NS_ASSERTIONS = NO;
				ENABLE_STRICT_OBJC_MSGSEND = YES;
				GCC_C_LANGUAGE_STANDARD = gnu11;
				GCC_NO_COMMON_BLOCKS = YES;
				GCC_WARN_64_TO_32_BIT_CONVERSION = YES;
				GCC_WARN_ABOUT_RETURN_TYPE = YES_ERROR;
				GCC_WARN_UNDECLARED_SELECTOR = YES;
				GCC_WARN_UNINITIALIZED_AUTOS = YES_AGGRESSIVE;
				GCC_WARN_UNUSED_FUNCTION = YES;
				GCC_WARN_UNUSED_VARIABLE = YES;
				MTL_ENABLE_DEBUG_INFO = NO;
				MTL_FAST_MATH = YES;
				SDKROOT = appletvos;
				SWIFT_COMPILATION_MODE = wholemodule;
				SWIFT_OPTIMIZATION_LEVEL = "-O";
				TVOS_DEPLOYMENT_TARGET = 12.1;
				VALIDATE_PRODUCT = YES;
			};
			name = Release;
		};
		4039DD1222275887003FF448 /* Debug */ = {
			isa = XCBuildConfiguration;
			baseConfigurationReference = CD3EF61D5C143958C3515C5F /* Pods-DFP Integration Demo.debug.xcconfig */;
			buildSettings = {
				ASSETCATALOG_COMPILER_APPICON_NAME = "App Icon & Top Shelf Image";
				ASSETCATALOG_COMPILER_LAUNCHIMAGE_NAME = "Launch Image";
				CODE_SIGN_STYLE = Automatic;
				INFOPLIST_FILE = "DFP Integration Demo/Info.plist";
				LD_RUNPATH_SEARCH_PATHS = (
					"$(inherited)",
					"@executable_path/Frameworks",
				);
				PRODUCT_BUNDLE_IDENTIFIER = "truex.DFP-Integration-Demo";
				PRODUCT_NAME = "$(TARGET_NAME)";
				SWIFT_VERSION = 4.2;
				TARGETED_DEVICE_FAMILY = 3;
			};
			name = Debug;
		};
		4039DD1322275887003FF448 /* Release */ = {
			isa = XCBuildConfiguration;
			baseConfigurationReference = 2EDCFA406C45395263034AEA /* Pods-DFP Integration Demo.release.xcconfig */;
			buildSettings = {
				ASSETCATALOG_COMPILER_APPICON_NAME = "App Icon & Top Shelf Image";
				ASSETCATALOG_COMPILER_LAUNCHIMAGE_NAME = "Launch Image";
				CODE_SIGN_STYLE = Automatic;
				INFOPLIST_FILE = "DFP Integration Demo/Info.plist";
				LD_RUNPATH_SEARCH_PATHS = (
					"$(inherited)",
					"@executable_path/Frameworks",
				);
				PRODUCT_BUNDLE_IDENTIFIER = "truex.DFP-Integration-Demo";
				PRODUCT_NAME = "$(TARGET_NAME)";
				SWIFT_VERSION = 4.2;
				TARGETED_DEVICE_FAMILY = 3;
			};
			name = Release;
		};
/* End XCBuildConfiguration section */

/* Begin XCConfigurationList section */
		4039DCFD2227587F003FF448 /* Build configuration list for PBXProject "DFP Integration Demo" */ = {
			isa = XCConfigurationList;
			buildConfigurations = (
				4039DD0F22275887003FF448 /* Debug */,
				4039DD1022275887003FF448 /* Release */,
			);
			defaultConfigurationIsVisible = 0;
			defaultConfigurationName = Release;
		};
		4039DD1122275887003FF448 /* Build configuration list for PBXNativeTarget "DFP Integration Demo" */ = {
			isa = XCConfigurationList;
			buildConfigurations = (
				4039DD1222275887003FF448 /* Debug */,
				4039DD1322275887003FF448 /* Release */,
			);
			defaultConfigurationIsVisible = 0;
			defaultConfigurationName = Release;
		};
/* End XCConfigurationList section */
	};
	rootObject = 4039DCFA2227587F003FF448 /* Project object */;
}
