PODS:
  - IMA (1.0)
  - InnovidAdRenderer_xcode10_2 (1.5.6)
  - PusherSwift (5.1.1)
  - SDWebImage (4.2.3):
    - SDWebImage/Core (= 4.2.3)
  - SDWebImage/Core (4.2.3)
  - TruexAdRenderer (3.8.1):
    - InnovidAdRenderer_xcode10_2 (~> 1.5)
    - PusherSwift (~> 5.0)
    - SDWebImage (~> 4.2.3)
    - TVOS360Video (= 1.1.3)
  - TVOS360Video (1.1.3)

DEPENDENCIES:
  - IMA (from `./IMA`)
  - TruexAdRenderer (= 3.8.1)

SPEC REPOS:
  https://github.com/cocoapods/specs.git:
    - PusherSwift
    - SDWebImage
  https://github.com/Innovid/cocoapods-spec.git:
    - InnovidAdRenderer_xcode10_2
  https://github.com/socialvibe/cocoapod-specs.git:
    - TruexAdRenderer
    - TVOS360Video

EXTERNAL SOURCES:
  IMA:
    :path: "./IMA"

SPEC CHECKSUMS:
  IMA: 8b21ed38de5ee9290b5513ac17d829e1527b599d
  InnovidAdRenderer_xcode10_2: 4ba20cf96342d214bf3ad2129e355845c0cdfb36
  PusherSwift: de9238b6b9faec5275d452e5f43ce9c82b78731e
  SDWebImage: 791bb72962b3492327ddcac4b1880bd1b5458431
  TruexAdRenderer: 878ea87f659ab0edc196dd17a2f666e8a2d2c90a
  TVOS360Video: cb48b398a70e71e8335e859d3715f847e184621c

PODFILE CHECKSUM: d8bd7d68e0497047a4a2f35a4be18b6ae8512314

COCOAPODS: 1.5.3
