<?xml version="1.0" encoding="UTF-8"?>
<Scheme
   version = "1.3">
   <BuildAction>
      <BuildActionEntries>
         <BuildActionEntry
            buildForRunning = "YES">
            <BuildableReference
               BuildableIdentifier = "primary"
               BlueprintIdentifier = "17AD48D6C1792B1C240529B4"
               BuildableName = "DFP Integration Demo.app"
               BlueprintName = "DFP Integration Demo"
               ReferencedContainer = "container:DFP Integration Demo.xcodeproj">
            </BuildableReference>
         </BuildActionEntry>
      </BuildActionEntries>
   </BuildAction>
   <LaunchAction
      useCustomWorkingDirectory = "NO"
      buildConfiguration = "Debug"
      allowLocationSimulation = "YES">
      <BuildableProductRunnable>
         <BuildableReference
            BuildableIdentifier = "primary"
            BlueprintIdentifier = "17AD48D6C1792B1C240529B4"
            BuildableName = "DFP Integration Demo.app"
            BlueprintName = "DFP Integration Demo"
            ReferencedContainer = "container:DFP Integration Demo.xcodeproj">
         </BuildableReference>
      </BuildableProductRunnable>
   </LaunchAction>
</Scheme>
